# THIS IS AN AUTOGENERATED FILE. DO NOT EDIT THIS FILE DIRECTLY.
# yarn lockfile v1


"@babel/runtime@^7.15.4", "@babel/runtime@^7.3.1", "@babel/runtime@^7.4.4", "@babel/runtime@^7.5.5", "@babel/runtime@^7.8.3", "@babel/runtime@^7.8.7", "@babel/runtime@^7.9.2":
  version "7.17.9"
  resolved "https://registry.yarnpkg.com/@babel/runtime/-/runtime-7.17.9.tgz#d19fbf802d01a8cb6cf053a64e472d42c434ba72"
  integrity sha512-lSiBBvodq29uShpWGNbgFdKYNiFDo5/HIYsaCEY9ff4sb10x9jizo2+pRrSyF4jKZCXqgzuqBOQKbUm90gQwJg==
  dependencies:
    regenerator-runtime "^0.13.4"

"@cspotcode/source-map-consumer@0.8.0":
  version "0.8.0"
  resolved "https://registry.yarnpkg.com/@cspotcode/source-map-consumer/-/source-map-consumer-0.8.0.tgz#33bf4b7b39c178821606f669bbc447a6a629786b"
  integrity sha512-41qniHzTU8yAGbCp04ohlmSrZf8bkf/iJsl3V0dRGsQN/5GFfx+LbCSsCpp2gqrqjTVg/K6O8ycoV35JIwAzAg==

"@cspotcode/source-map-support@0.7.0":
  version "0.7.0"
  resolved "https://registry.yarnpkg.com/@cspotcode/source-map-support/-/source-map-support-0.7.0.tgz#4789840aa859e46d2f3173727ab707c66bf344f5"
  integrity sha512-X4xqRHqN8ACt2aHVe51OxeA2HjbcL4MqFqXkrmQszJ1NOUuUu5u6Vqx/0lZSVNku7velL5FC/s5uEAj1lsBMhA==
  dependencies:
    "@cspotcode/source-map-consumer" "0.8.0"

"@emotion/hash@^0.8.0":
  version "0.8.0"
  resolved "https://registry.yarnpkg.com/@emotion/hash/-/hash-0.8.0.tgz#bbbff68978fefdbe68ccb533bc8cbe1d1afb5413"
  integrity sha512-kBJtf7PH6aWwZ6fka3zQ0p6SBYzx4fl1LoZXE2RrnYST9Xljm7WfKJrU4g/Xr3Beg72MLrp1AWNUmuYJTL7Cow==

"@material-ui/core@^4.12.4":
  version "4.12.4"
  resolved "https://registry.yarnpkg.com/@material-ui/core/-/core-4.12.4.tgz#4ac17488e8fcaf55eb6a7f5efb2a131e10138a73"
  integrity sha512-tr7xekNlM9LjA6pagJmL8QCgZXaubWUwkJnoYcMKd4gw/t4XiyvnTkjdGrUVicyB2BsdaAv1tvow45bPM4sSwQ==
  dependencies:
    "@babel/runtime" "^7.4.4"
    "@material-ui/styles" "^4.11.5"
    "@material-ui/system" "^4.12.2"
    "@material-ui/types" "5.1.0"
    "@material-ui/utils" "^4.11.3"
    "@types/react-transition-group" "^4.2.0"
    clsx "^1.0.4"
    hoist-non-react-statics "^3.3.2"
    popper.js "1.16.1-lts"
    prop-types "^15.7.2"
    react-is "^16.8.0 || ^17.0.0"
    react-transition-group "^4.4.0"

"@material-ui/icons@^4.11.3":
  version "4.11.3"
  resolved "https://registry.yarnpkg.com/@material-ui/icons/-/icons-4.11.3.tgz#b0693709f9b161ce9ccde276a770d968484ecff1"
  integrity sha512-IKHlyx6LDh8n19vzwH5RtHIOHl9Tu90aAAxcbWME6kp4dmvODM3UvOHJeMIDzUbd4muuJKHmlNoBN+mDY4XkBA==
  dependencies:
    "@babel/runtime" "^7.4.4"

"@material-ui/styles@^4.11.5":
  version "4.11.5"
  resolved "https://registry.yarnpkg.com/@material-ui/styles/-/styles-4.11.5.tgz#19f84457df3aafd956ac863dbe156b1d88e2bbfb"
  integrity sha512-o/41ot5JJiUsIETME9wVLAJrmIWL3j0R0Bj2kCOLbSfqEkKf0fmaPt+5vtblUh5eXr2S+J/8J3DaCb10+CzPGA==
  dependencies:
    "@babel/runtime" "^7.4.4"
    "@emotion/hash" "^0.8.0"
    "@material-ui/types" "5.1.0"
    "@material-ui/utils" "^4.11.3"
    clsx "^1.0.4"
    csstype "^2.5.2"
    hoist-non-react-statics "^3.3.2"
    jss "^10.5.1"
    jss-plugin-camel-case "^10.5.1"
    jss-plugin-default-unit "^10.5.1"
    jss-plugin-global "^10.5.1"
    jss-plugin-nested "^10.5.1"
    jss-plugin-props-sort "^10.5.1"
    jss-plugin-rule-value-function "^10.5.1"
    jss-plugin-vendor-prefixer "^10.5.1"
    prop-types "^15.7.2"

"@material-ui/system@^4.12.2":
  version "4.12.2"
  resolved "https://registry.yarnpkg.com/@material-ui/system/-/system-4.12.2.tgz#f5c389adf3fce4146edd489bf4082d461d86aa8b"
  integrity sha512-6CSKu2MtmiJgcCGf6nBQpM8fLkuB9F55EKfbdTC80NND5wpTmKzwdhLYLH3zL4cLlK0gVaaltW7/wMuyTnN0Lw==
  dependencies:
    "@babel/runtime" "^7.4.4"
    "@material-ui/utils" "^4.11.3"
    csstype "^2.5.2"
    prop-types "^15.7.2"

"@material-ui/types@5.1.0":
  version "5.1.0"
  resolved "https://registry.yarnpkg.com/@material-ui/types/-/types-5.1.0.tgz#efa1c7a0b0eaa4c7c87ac0390445f0f88b0d88f2"
  integrity sha512-7cqRjrY50b8QzRSYyhSpx4WRw2YuO0KKIGQEVk5J8uoz2BanawykgZGoWEqKm7pVIbzFDN0SpPcVV4IhOFkl8A==

"@material-ui/utils@^4.11.3":
  version "4.11.3"
  resolved "https://registry.yarnpkg.com/@material-ui/utils/-/utils-4.11.3.tgz#232bd86c4ea81dab714f21edad70b7fdf0253942"
  integrity sha512-ZuQPV4rBK/V1j2dIkSSEcH5uT6AaHuKWFfotADHsC0wVL1NLd2WkFCm4ZZbX33iO4ydl6V0GPngKm8HZQ2oujg==
  dependencies:
    "@babel/runtime" "^7.4.4"
    prop-types "^15.7.2"
    react-is "^16.8.0 || ^17.0.0"

"@next/env@12.1.5":
  version "12.1.5"
  resolved "https://registry.yarnpkg.com/@next/env/-/env-12.1.5.tgz#a21ba6708022d630402ca2b340316e69a0296dfc"
  integrity sha512-+34yUJslfJi7Lyx6ELuN8nWcOzi27izfYnZIC1Dqv7kmmfiBVxgzR3BXhlvEMTKC2IRJhXVs2FkMY+buQe3k7Q==

"@next/swc-android-arm-eabi@12.1.5":
  version "12.1.5"
  resolved "https://registry.yarnpkg.com/@next/swc-android-arm-eabi/-/swc-android-arm-eabi-12.1.5.tgz#36729ab3dfd7743e82cfe536b43254dcb146620c"
  integrity sha512-SKnGTdYcoN04Y2DvE0/Y7/MjkA+ltsmbuH/y/hR7Ob7tsj+8ZdOYuk+YvW1B8dY20nDPHP58XgDTSm2nA8BzzA==

"@next/swc-android-arm64@12.1.5":
  version "12.1.5"
  resolved "https://registry.yarnpkg.com/@next/swc-android-arm64/-/swc-android-arm64-12.1.5.tgz#52578f552305c92d0b9b81d603c9643fb71e0835"
  integrity sha512-YXiqgQ/9Rxg1dXp6brXbeQM1JDx9SwUY/36JiE+36FXqYEmDYbxld9qkX6GEzkc5rbwJ+RCitargnzEtwGW0mw==

"@next/swc-darwin-arm64@12.1.5":
  version "12.1.5"
  resolved "https://registry.yarnpkg.com/@next/swc-darwin-arm64/-/swc-darwin-arm64-12.1.5.tgz#3d5b53211484c72074f4975ba0ec2b1107db300e"
  integrity sha512-y8mhldb/WFZ6lFeowkGfi0cO/lBdiBqDk4T4LZLvCpoQp4Or/NzUN6P5NzBQZ5/b4oUHM/wQICEM+1wKA4qIVw==

"@next/swc-darwin-x64@12.1.5":
  version "12.1.5"
  resolved "https://registry.yarnpkg.com/@next/swc-darwin-x64/-/swc-darwin-x64-12.1.5.tgz#adcabb732d226453777c0d37d58eaff9328b66fd"
  integrity sha512-wqJ3X7WQdTwSGi0kIDEmzw34QHISRIQ5uvC+VXmsIlCPFcMA+zM5723uh8NfuKGquDMiEMS31a83QgkuHMYbwQ==

"@next/swc-linux-arm-gnueabihf@12.1.5":
  version "12.1.5"
  resolved "https://registry.yarnpkg.com/@next/swc-linux-arm-gnueabihf/-/swc-linux-arm-gnueabihf-12.1.5.tgz#82a7cde67482b756bc65fbebf1dfa8a782074e93"
  integrity sha512-WnhdM5duONMvt2CncAl+9pim0wBxDS2lHoo7ub/o/i1bRbs11UTzosKzEXVaTDCUkCX2c32lIDi1WcN2ZPkcdw==

"@next/swc-linux-arm64-gnu@12.1.5":
  version "12.1.5"
  resolved "https://registry.yarnpkg.com/@next/swc-linux-arm64-gnu/-/swc-linux-arm64-gnu-12.1.5.tgz#f82ca014504950aab751e81f467492e9be0bad5d"
  integrity sha512-Jq2H68yQ4bLUhR/XQnbw3LDW0GMQn355qx6rU36BthDLeGue7YV7MqNPa8GKvrpPocEMW77nWx/1yI6w6J07gw==

"@next/swc-linux-arm64-musl@12.1.5":
  version "12.1.5"
  resolved "https://registry.yarnpkg.com/@next/swc-linux-arm64-musl/-/swc-linux-arm64-musl-12.1.5.tgz#f811ec9f4b12a978426c284c95ab2f515ddf7f9e"
  integrity sha512-KgPjwdbhDqXI7ghNN8V/WAiLquc9Ebe8KBrNNEL0NQr+yd9CyKJ6KqjayVkmX+hbHzbyvbui/5wh/p3CZQ9xcQ==

"@next/swc-linux-x64-gnu@12.1.5":
  version "12.1.5"
  resolved "https://registry.yarnpkg.com/@next/swc-linux-x64-gnu/-/swc-linux-x64-gnu-12.1.5.tgz#d44857257e6d20dc841998951d584ab1f25772c3"
  integrity sha512-O2ErUTvCJ6DkNTSr9pbu1n3tcqykqE/ebty1rwClzIYdOgpB3T2MfEPP+K7GhUR87wmN/hlihO9ch7qpVFDGKw==

"@next/swc-linux-x64-musl@12.1.5":
  version "12.1.5"
  resolved "https://registry.yarnpkg.com/@next/swc-linux-x64-musl/-/swc-linux-x64-musl-12.1.5.tgz#3cc523abadc9a2a6de680593aff06e71cc29ecef"
  integrity sha512-1eIlZmlO/VRjxxzUBcVosf54AFU3ltAzHi+BJA+9U/lPxCYIsT+R4uO3QksRzRjKWhVQMRjEnlXyyq5SKJm7BA==

"@next/swc-win32-arm64-msvc@12.1.5":
  version "12.1.5"
  resolved "https://registry.yarnpkg.com/@next/swc-win32-arm64-msvc/-/swc-win32-arm64-msvc-12.1.5.tgz#c62232d869f1f9b22e8f24e4e7f05307c20f30ca"
  integrity sha512-oromsfokbEuVb0CBLLE7R9qX3KGXucZpsojLpzUh1QJjuy1QkrPJncwr8xmWQnwgtQ6ecMWXgXPB+qtvizT9Tw==

"@next/swc-win32-ia32-msvc@12.1.5":
  version "12.1.5"
  resolved "https://registry.yarnpkg.com/@next/swc-win32-ia32-msvc/-/swc-win32-ia32-msvc-12.1.5.tgz#2bd9b28a9ba730d12a493e7d9d18e150fe89d496"
  integrity sha512-a/51L5KzBpeZSW9LbekMo3I3Cwul+V+QKwbEIMA+Qwb2qrlcn1L9h3lt8cHqNTFt2y72ce6aTwDTw1lyi5oIRA==

"@next/swc-win32-x64-msvc@12.1.5":
  version "12.1.5"
  resolved "https://registry.yarnpkg.com/@next/swc-win32-x64-msvc/-/swc-win32-x64-msvc-12.1.5.tgz#02f377e4d41eaaacf265e34bab9bacd8efc4a351"
  integrity sha512-/SoXW1Ntpmpw3AXAzfDRaQidnd8kbZ2oSni8u5z0yw6t4RwJvmdZy1eOaAADRThWKV+2oU90++LSnXJIwBRWYQ==

"@reduxjs/toolkit@^1.8.1":
  version "1.8.1"
  resolved "https://registry.yarnpkg.com/@reduxjs/toolkit/-/toolkit-1.8.1.tgz#94ee1981b8cf9227cda40163a04704a9544c9a9f"
  integrity sha512-Q6mzbTpO9nOYRnkwpDlFOAbQnd3g7zj7CtHAZWz5SzE5lcV97Tf8f3SzOO8BoPOMYBFgfZaqTUZqgGu+a0+Fng==
  dependencies:
    immer "^9.0.7"
    redux "^4.1.2"
    redux-thunk "^2.4.1"
    reselect "^4.1.5"

"@tsconfig/node10@^1.0.7":
  version "1.0.8"
  resolved "https://registry.yarnpkg.com/@tsconfig/node10/-/node10-1.0.8.tgz#c1e4e80d6f964fbecb3359c43bd48b40f7cadad9"
  integrity sha512-6XFfSQmMgq0CFLY1MslA/CPUfhIL919M1rMsa5lP2P097N2Wd1sSX0tx1u4olM16fLNhtHZpRhedZJphNJqmZg==

"@tsconfig/node12@^1.0.7":
  version "1.0.9"
  resolved "https://registry.yarnpkg.com/@tsconfig/node12/-/node12-1.0.9.tgz#62c1f6dee2ebd9aead80dc3afa56810e58e1a04c"
  integrity sha512-/yBMcem+fbvhSREH+s14YJi18sp7J9jpuhYByADT2rypfajMZZN4WQ6zBGgBKp53NKmqI36wFYDb3yaMPurITw==

"@tsconfig/node14@^1.0.0":
  version "1.0.1"
  resolved "https://registry.yarnpkg.com/@tsconfig/node14/-/node14-1.0.1.tgz#95f2d167ffb9b8d2068b0b235302fafd4df711f2"
  integrity sha512-509r2+yARFfHHE7T6Puu2jjkoycftovhXRqW328PDXTVGKihlb1P8Z9mMZH04ebyajfRY7dedfGynlrFHJUQCg==

"@tsconfig/node16@^1.0.2":
  version "1.0.2"
  resolved "https://registry.yarnpkg.com/@tsconfig/node16/-/node16-1.0.2.tgz#423c77877d0569db20e1fc80885ac4118314010e"
  integrity sha512-eZxlbI8GZscaGS7kkc/trHTT5xgrjH3/1n2JDwusC9iahPKWMRvRjJSAN5mCXviuTGQ/lHnhvv8Q1YTpnfz9gA==

"@types/hoist-non-react-statics@^3.3.0":
  version "3.3.1"
  resolved "https://registry.yarnpkg.com/@types/hoist-non-react-statics/-/hoist-non-react-statics-3.3.1.tgz#1124aafe5118cb591977aeb1ceaaed1070eb039f"
  integrity sha512-iMIqiko6ooLrTh1joXodJK5X9xeEALT1kM5G3ZLhD3hszxBdIEd5C75U834D9mLcINgD4OyZf5uQXjkuYydWvA==
  dependencies:
    "@types/react" "*"
    hoist-non-react-statics "^3.3.0"

"@types/node@^17.0.24":
  version "17.0.24"
  resolved "https://registry.yarnpkg.com/@types/node/-/node-17.0.24.tgz#20ba1bf69c1b4ab405c7a01e950c4f446b05029f"
  integrity sha512-aveCYRQbgTH9Pssp1voEP7HiuWlD2jW2BO56w+bVrJn04i61yh6mRfoKO6hEYQD9vF+W8Chkwc6j1M36uPkx4g==

"@types/prop-types@*":
  version "15.7.5"
  resolved "https://registry.yarnpkg.com/@types/prop-types/-/prop-types-15.7.5.tgz#5f19d2b85a98e9558036f6a3cacc8819420f05cf"
  integrity sha512-JCB8C6SnDoQf0cNycqd/35A7MjcnK+ZTqE7judS6o7utxUCg6imJg3QK2qzHKszlTjcj2cn+NwMB2i96ubpj7w==

"@types/react-dom@^18.0.1":
  version "18.0.1"
  resolved "https://registry.yarnpkg.com/@types/react-dom/-/react-dom-18.0.1.tgz#cb3cc10ea91141b12c71001fede1017acfbce4db"
  integrity sha512-jCwTXvHtRLiyVvKm9aEdHXs8rflVOGd5Sl913JZrPshfXjn8NYsTNZOz70bCsA31IR0TOqwi3ad+X4tSCBoMTw==
  dependencies:
    "@types/react" "*"

"@types/react-redux@^7.1.20", "@types/react-redux@^7.1.24":
  version "7.1.24"
  resolved "https://registry.yarnpkg.com/@types/react-redux/-/react-redux-7.1.24.tgz#6caaff1603aba17b27d20f8ad073e4c077e975c0"
  integrity sha512-7FkurKcS1k0FHZEtdbbgN8Oc6b+stGSfZYjQGicofJ0j4U0qIn/jaSvnP2pLwZKiai3/17xqqxkkrxTgN8UNbQ==
  dependencies:
    "@types/hoist-non-react-statics" "^3.3.0"
    "@types/react" "*"
    hoist-non-react-statics "^3.3.0"
    redux "^4.0.0"

"@types/react-transition-group@^4.2.0":
  version "4.4.4"
  resolved "https://registry.yarnpkg.com/@types/react-transition-group/-/react-transition-group-4.4.4.tgz#acd4cceaa2be6b757db61ed7b432e103242d163e"
  integrity sha512-7gAPz7anVK5xzbeQW9wFBDg7G++aPLAFY0QaSMOou9rJZpbuI58WAuJrgu+qR92l61grlnCUe7AFX8KGahAgug==
  dependencies:
    "@types/react" "*"

"@types/react@*", "@types/react@^18.0.5":
  version "18.0.5"
  resolved "https://registry.yarnpkg.com/@types/react/-/react-18.0.5.tgz#1a4d4b705ae6af5aed369dec22800b20f89f5301"
  integrity sha512-UPxNGInDCIKlfqBrm8LDXYWNfLHwIdisWcsH5GpMyGjhEDLFgTtlRBaoWuCua9HcyuE0rMkmAeZ3FXV1pYLIYQ==
  dependencies:
    "@types/prop-types" "*"
    "@types/scheduler" "*"
    csstype "^3.0.2"

"@types/scheduler@*":
  version "0.16.2"
  resolved "https://registry.yarnpkg.com/@types/scheduler/-/scheduler-0.16.2.tgz#1a62f89525723dde24ba1b01b092bf5df8ad4d39"
  integrity sha512-hppQEBDmlwhFAXKJX2KnWLYu5yMfi91yazPb2l+lbJiwW+wdo1gNeRA+3RgNSO39WYX2euey41KEwnqesU2Jew==

acorn-walk@^8.1.1:
  version "8.2.0"
  resolved "https://registry.yarnpkg.com/acorn-walk/-/acorn-walk-8.2.0.tgz#741210f2e2426454508853a2f44d0ab83b7f69c1"
  integrity sha512-k+iyHEuPgSw6SbuDpGQM+06HQUa04DZ3o+F6CSzXMvvI5KMvnaEqXe+YVe555R9nn6GPt404fos4wcgpw12SDA==

acorn@^8.4.1:
  version "8.7.0"
  resolved "https://registry.yarnpkg.com/acorn/-/acorn-8.7.0.tgz#90951fde0f8f09df93549481e5fc141445b791cf"
  integrity sha512-V/LGr1APy+PXIwKebEWrkZPwoeoF+w1jiOBUmuxuiUIaOHtob8Qc9BTrYo7VuI5fR8tqsy+buA2WFooR5olqvQ==

arg@^4.1.0:
  version "4.1.3"
  resolved "https://registry.yarnpkg.com/arg/-/arg-4.1.3.tgz#269fc7ad5b8e42cb63c896d5666017261c144089"
  integrity sha512-58S9QDqG0Xx27YwPSt9fJxivjYl432YCwfDMfZ+71RAqUrZef7LrKQZ3LHLOwCS4FLNBplP533Zx895SeOCHvA==

caniuse-lite@^1.0.30001283:
  version "1.0.30001332"
  resolved "https://registry.yarnpkg.com/caniuse-lite/-/caniuse-lite-1.0.30001332.tgz#39476d3aa8d83ea76359c70302eafdd4a1d727dd"
  integrity sha512-10T30NYOEQtN6C11YGg411yebhvpnC6Z102+B95eAsN0oB6KUs01ivE8u+G6FMIRtIrVlYXhL+LUwQ3/hXwDWw==

clsx@^1.0.4:
  version "1.1.1"
  resolved "https://registry.yarnpkg.com/clsx/-/clsx-1.1.1.tgz#98b3134f9abbdf23b2663491ace13c5c03a73188"
  integrity sha512-6/bPho624p3S2pMyvP5kKBPXnI3ufHLObBFCfgx+LkeR5lg2XYy2hqZqUf45ypD8COn2bhgGJSUE+l5dhNBieA==

create-require@^1.1.0:
  version "1.1.1"
  resolved "https://registry.yarnpkg.com/create-require/-/create-require-1.1.1.tgz#c1d7e8f1e5f6cfc9ff65f9cd352d37348756c333"
  integrity sha512-dcKFX3jn0MpIaXjisoRvexIJVEKzaq7z2rZKxf+MSr9TkdmHmsU4m2lcLojrj/FHl8mk5VxMmYA+ftRkP/3oKQ==

css-vendor@^2.0.8:
  version "2.0.8"
  resolved "https://registry.yarnpkg.com/css-vendor/-/css-vendor-2.0.8.tgz#e47f91d3bd3117d49180a3c935e62e3d9f7f449d"
  integrity sha512-x9Aq0XTInxrkuFeHKbYC7zWY8ai7qJ04Kxd9MnvbC1uO5DagxoHQjm4JvG+vCdXOoFtCjbL2XSZfxmoYa9uQVQ==
  dependencies:
    "@babel/runtime" "^7.8.3"
    is-in-browser "^1.0.2"

csstype@^2.5.2:
  version "2.6.20"
  resolved "https://registry.yarnpkg.com/csstype/-/csstype-2.6.20.tgz#9229c65ea0b260cf4d3d997cb06288e36a8d6dda"
  integrity sha512-/WwNkdXfckNgw6S5R125rrW8ez139lBHWouiBvX8dfMFtcn6V81REDqnH7+CRpRipfYlyU1CmOnOxrmGcFOjeA==

csstype@^3.0.2:
  version "3.0.11"
  resolved "https://registry.yarnpkg.com/csstype/-/csstype-3.0.11.tgz#d66700c5eacfac1940deb4e3ee5642792d85cd33"
  integrity sha512-sa6P2wJ+CAbgyy4KFssIb/JNMLxFvKF1pCYCSXS8ZMuqZnMsrxqI2E5sPyoTpxoPU/gVZMzr2zjOfg8GIZOMsw==

diff@^4.0.1:
  version "4.0.2"
  resolved "https://registry.yarnpkg.com/diff/-/diff-4.0.2.tgz#60f3aecb89d5fae520c11aa19efc2bb982aade7d"
  integrity sha512-58lmxKSA4BNyLz+HHMUzlOEpg09FV+ev6ZMe3vJihgdxzgcwZ8VoEEPmALCZG9LmqfVoNMMKpttIYTVG6uDY7A==

dom-helpers@^5.0.1:
  version "5.2.1"
  resolved "https://registry.yarnpkg.com/dom-helpers/-/dom-helpers-5.2.1.tgz#d9400536b2bf8225ad98fe052e029451ac40e902"
  integrity sha512-nRCa7CK3VTrM2NmGkIy4cbK7IZlgBE/PYMn55rrXefr5xXDP0LdtfPnblFDoVdcAfslJ7or6iqAUnx0CCGIWQA==
  dependencies:
    "@babel/runtime" "^7.8.7"
    csstype "^3.0.2"

hoist-non-react-statics@^3.3.0, hoist-non-react-statics@^3.3.2:
  version "3.3.2"
  resolved "https://registry.yarnpkg.com/hoist-non-react-statics/-/hoist-non-react-statics-3.3.2.tgz#ece0acaf71d62c2969c2ec59feff42a4b1a85b45"
  integrity sha512-/gGivxi8JPKWNm/W0jSmzcMPpfpPLc3dY/6GxhX2hQ9iGj3aDfklV4ET7NjKpSinLpJ5vafa9iiGIEZg10SfBw==
  dependencies:
    react-is "^16.7.0"

hyphenate-style-name@^1.0.3:
  version "1.0.4"
  resolved "https://registry.yarnpkg.com/hyphenate-style-name/-/hyphenate-style-name-1.0.4.tgz#691879af8e220aea5750e8827db4ef62a54e361d"
  integrity sha512-ygGZLjmXfPHj+ZWh6LwbC37l43MhfztxetbFCoYTM2VjkIUpeHgSNn7QIyVFj7YQ1Wl9Cbw5sholVJPzWvC2MQ==

immer@^9.0.7:
  version "9.0.12"
  resolved "https://registry.yarnpkg.com/immer/-/immer-9.0.12.tgz#2d33ddf3ee1d247deab9d707ca472c8c942a0f20"
  integrity sha512-lk7UNmSbAukB5B6dh9fnh5D0bJTOFKxVg2cyJWTYrWRfhLrLMBquONcUs3aFq507hNoIZEDDh8lb8UtOizSMhA==

is-in-browser@^1.0.2, is-in-browser@^1.1.3:
  version "1.1.3"
  resolved "https://registry.yarnpkg.com/is-in-browser/-/is-in-browser-1.1.3.tgz#56ff4db683a078c6082eb95dad7dc62e1d04f835"
  integrity sha1-Vv9NtoOgeMYILrldrX3GLh0E+DU=

"js-tokens@^3.0.0 || ^4.0.0":
  version "4.0.0"
  resolved "https://registry.yarnpkg.com/js-tokens/-/js-tokens-4.0.0.tgz#19203fb59991df98e3a287050d4647cdeaf32499"
  integrity sha512-RdJUflcE3cUzKiMqQgsCu06FPu9UdIJO0beYbPhHN4k6apgJtifcoCtT9bcxOpYBtpD2kCM6Sbzg4CausW/PKQ==

jss-plugin-camel-case@^10.5.1:
  version "10.9.0"
  resolved "https://registry.yarnpkg.com/jss-plugin-camel-case/-/jss-plugin-camel-case-10.9.0.tgz#4921b568b38d893f39736ee8c4c5f1c64670aaf7"
  integrity sha512-UH6uPpnDk413/r/2Olmw4+y54yEF2lRIV8XIZyuYpgPYTITLlPOsq6XB9qeqv+75SQSg3KLocq5jUBXW8qWWww==
  dependencies:
    "@babel/runtime" "^7.3.1"
    hyphenate-style-name "^1.0.3"
    jss "10.9.0"

jss-plugin-default-unit@^10.5.1:
  version "10.9.0"
  resolved "https://registry.yarnpkg.com/jss-plugin-default-unit/-/jss-plugin-default-unit-10.9.0.tgz#bb23a48f075bc0ce852b4b4d3f7582bc002df991"
  integrity sha512-7Ju4Q9wJ/MZPsxfu4T84mzdn7pLHWeqoGd/D8O3eDNNJ93Xc8PxnLmV8s8ZPNRYkLdxZqKtm1nPQ0BM4JRlq2w==
  dependencies:
    "@babel/runtime" "^7.3.1"
    jss "10.9.0"

jss-plugin-global@^10.5.1:
  version "10.9.0"
  resolved "https://registry.yarnpkg.com/jss-plugin-global/-/jss-plugin-global-10.9.0.tgz#fc07a0086ac97aca174e37edb480b69277f3931f"
  integrity sha512-4G8PHNJ0x6nwAFsEzcuVDiBlyMsj2y3VjmFAx/uHk/R/gzJV+yRHICjT4MKGGu1cJq2hfowFWCyrr/Gg37FbgQ==
  dependencies:
    "@babel/runtime" "^7.3.1"
    jss "10.9.0"

jss-plugin-nested@^10.5.1:
  version "10.9.0"
  resolved "https://registry.yarnpkg.com/jss-plugin-nested/-/jss-plugin-nested-10.9.0.tgz#cc1c7d63ad542c3ccc6e2c66c8328c6b6b00f4b3"
  integrity sha512-2UJnDrfCZpMYcpPYR16oZB7VAC6b/1QLsRiAutOt7wJaaqwCBvNsosLEu/fUyKNQNGdvg2PPJFDO5AX7dwxtoA==
  dependencies:
    "@babel/runtime" "^7.3.1"
    jss "10.9.0"
    tiny-warning "^1.0.2"

jss-plugin-props-sort@^10.5.1:
  version "10.9.0"
  resolved "https://registry.yarnpkg.com/jss-plugin-props-sort/-/jss-plugin-props-sort-10.9.0.tgz#30e9567ef9479043feb6e5e59db09b4de687c47d"
  integrity sha512-7A76HI8bzwqrsMOJTWKx/uD5v+U8piLnp5bvru7g/3ZEQOu1+PjHvv7bFdNO3DwNPC9oM0a//KwIJsIcDCjDzw==
  dependencies:
    "@babel/runtime" "^7.3.1"
    jss "10.9.0"

jss-plugin-rule-value-function@^10.5.1:
  version "10.9.0"
  resolved "https://registry.yarnpkg.com/jss-plugin-rule-value-function/-/jss-plugin-rule-value-function-10.9.0.tgz#379fd2732c0746fe45168011fe25544c1a295d67"
  integrity sha512-IHJv6YrEf8pRzkY207cPmdbBstBaE+z8pazhPShfz0tZSDtRdQua5jjg6NMz3IbTasVx9FdnmptxPqSWL5tyJg==
  dependencies:
    "@babel/runtime" "^7.3.1"
    jss "10.9.0"
    tiny-warning "^1.0.2"

jss-plugin-vendor-prefixer@^10.5.1:
  version "10.9.0"
  resolved "https://registry.yarnpkg.com/jss-plugin-vendor-prefixer/-/jss-plugin-vendor-prefixer-10.9.0.tgz#aa9df98abfb3f75f7ed59a3ec50a5452461a206a"
  integrity sha512-MbvsaXP7iiVdYVSEoi+blrW+AYnTDvHTW6I6zqi7JcwXdc6I9Kbm234nEblayhF38EftoenbM+5218pidmC5gA==
  dependencies:
    "@babel/runtime" "^7.3.1"
    css-vendor "^2.0.8"
    jss "10.9.0"

jss@10.9.0, jss@^10.5.1:
  version "10.9.0"
  resolved "https://registry.yarnpkg.com/jss/-/jss-10.9.0.tgz#7583ee2cdc904a83c872ba695d1baab4b59c141b"
  integrity sha512-YpzpreB6kUunQBbrlArlsMpXYyndt9JATbt95tajx0t4MTJJcCJdd4hdNpHmOIDiUJrF/oX5wtVFrS3uofWfGw==
  dependencies:
    "@babel/runtime" "^7.3.1"
    csstype "^3.0.2"
    is-in-browser "^1.1.3"
    tiny-warning "^1.0.2"

loose-envify@^1.1.0, loose-envify@^1.4.0:
  version "1.4.0"
  resolved "https://registry.yarnpkg.com/loose-envify/-/loose-envify-1.4.0.tgz#71ee51fa7be4caec1a63839f7e682d8132d30caf"
  integrity sha512-lyuxPGr/Wfhrlem2CL/UcnUc1zcqKAImBDzukY7Y5F/yQiNdko6+fRLevlw1HgMySw7f611UIY408EtxRSoK3Q==
  dependencies:
    js-tokens "^3.0.0 || ^4.0.0"

make-error@^1.1.1:
  version "1.3.6"
  resolved "https://registry.yarnpkg.com/make-error/-/make-error-1.3.6.tgz#2eb2e37ea9b67c4891f684a1394799af484cf7a2"
  integrity sha512-s8UhlNe7vPKomQhC1qFelMokr/Sc3AgNbso3n74mVPA5LTZwkB9NlXf4XPamLxJE8h0gh73rM94xvwRT2CVInw==

nanoid@^3.1.30:
  version "3.3.2"
  resolved "https://registry.yarnpkg.com/nanoid/-/nanoid-3.3.2.tgz#c89622fafb4381cd221421c69ec58547a1eec557"
  integrity sha512-CuHBogktKwpm5g2sRgv83jEy2ijFzBwMoYA60orPDR7ynsLijJDqgsi4RDGj3OJpy3Ieb+LYwiRmIOGyytgITA==

next@latest:
  version "12.1.5"
  resolved "https://registry.yarnpkg.com/next/-/next-12.1.5.tgz#7a07687579ddce61ee519493e1c178d83abac063"
  integrity sha512-YGHDpyfgCfnT5GZObsKepmRnne7Kzp7nGrac07dikhutWQug7hHg85/+sPJ4ZW5Q2pDkb+n0FnmLkmd44htIJQ==
  dependencies:
    "@next/env" "12.1.5"
    caniuse-lite "^1.0.30001283"
    postcss "8.4.5"
    styled-jsx "5.0.1"
  optionalDependencies:
    "@next/swc-android-arm-eabi" "12.1.5"
    "@next/swc-android-arm64" "12.1.5"
    "@next/swc-darwin-arm64" "12.1.5"
    "@next/swc-darwin-x64" "12.1.5"
    "@next/swc-linux-arm-gnueabihf" "12.1.5"
    "@next/swc-linux-arm64-gnu" "12.1.5"
    "@next/swc-linux-arm64-musl" "12.1.5"
    "@next/swc-linux-x64-gnu" "12.1.5"
    "@next/swc-linux-x64-musl" "12.1.5"
    "@next/swc-win32-arm64-msvc" "12.1.5"
    "@next/swc-win32-ia32-msvc" "12.1.5"
    "@next/swc-win32-x64-msvc" "12.1.5"

object-assign@^4.1.1:
  version "4.1.1"
  resolved "https://registry.yarnpkg.com/object-assign/-/object-assign-4.1.1.tgz#2109adc7965887cfc05cbbd442cac8bfbb360863"
  integrity sha1-IQmtx5ZYh8/AXLvUQsrIv7s2CGM=

picocolors@^1.0.0:
  version "1.0.0"
  resolved "https://registry.yarnpkg.com/picocolors/-/picocolors-1.0.0.tgz#cb5bdc74ff3f51892236eaf79d68bc44564ab81c"
  integrity sha512-1fygroTLlHu66zi26VoTDv8yRgm0Fccecssto+MhsZ0D/DGW2sm8E8AjW7NU5VVTRt5GxbeZ5qBuJr+HyLYkjQ==

popper.js@1.16.1-lts:
  version "1.16.1-lts"
  resolved "https://registry.yarnpkg.com/popper.js/-/popper.js-1.16.1-lts.tgz#cf6847b807da3799d80ee3d6d2f90df8a3f50b05"
  integrity sha512-Kjw8nKRl1m+VrSFCoVGPph93W/qrSO7ZkqPpTf7F4bk/sqcfWK019dWBUpE/fBOsOQY1dks/Bmcbfn1heM/IsA==

postcss@8.4.5:
  version "8.4.5"
  resolved "https://registry.yarnpkg.com/postcss/-/postcss-8.4.5.tgz#bae665764dfd4c6fcc24dc0fdf7e7aa00cc77f95"
  integrity sha512-jBDboWM8qpaqwkMwItqTQTiFikhs/67OYVvblFFTM7MrZjt6yMKd6r2kgXizEbTTljacm4NldIlZnhbjr84QYg==
  dependencies:
    nanoid "^3.1.30"
    picocolors "^1.0.0"
    source-map-js "^1.0.1"

prop-types@^15.6.2, prop-types@^15.7.2:
  version "15.8.1"
  resolved "https://registry.yarnpkg.com/prop-types/-/prop-types-15.8.1.tgz#67d87bf1a694f48435cf332c24af10214a3140b5"
  integrity sha512-oj87CgZICdulUohogVAR7AjlC0327U4el4L6eAvOqCeudMDVU0NThNaV+b9Df4dXgSP1gXMTnPdhfe/2qDH5cg==
  dependencies:
    loose-envify "^1.4.0"
    object-assign "^4.1.1"
    react-is "^16.13.1"

react-dom@^18.0.0:
  version "18.0.0"
  resolved "https://registry.yarnpkg.com/react-dom/-/react-dom-18.0.0.tgz#26b88534f8f1dbb80853e1eabe752f24100d8023"
  integrity sha512-XqX7uzmFo0pUceWFCt7Gff6IyIMzFUn7QMZrbrQfGxtaxXZIcGQzoNpRLE3fQLnS4XzLLPMZX2T9TRcSrasicw==
  dependencies:
    loose-envify "^1.1.0"
    scheduler "^0.21.0"

react-is@^16.13.1, react-is@^16.7.0:
  version "16.13.1"
  resolved "https://registry.yarnpkg.com/react-is/-/react-is-16.13.1.tgz#789729a4dc36de2999dc156dd6c1d9c18cea56a4"
  integrity sha512-24e6ynE2H+OKt4kqsOvNd8kBpV65zoxbA4BVsEOB3ARVWQki/DHzaUoC5KuON/BiccDaCCTZBuOcfZs70kR8bQ==

"react-is@^16.8.0 || ^17.0.0", react-is@^17.0.2:
  version "17.0.2"
  resolved "https://registry.yarnpkg.com/react-is/-/react-is-17.0.2.tgz#e691d4a8e9c789365655539ab372762b0efb54f0"
  integrity sha512-w2GsyukL62IJnlaff/nRegPQR94C/XXamvMWmSHRJ4y7Ts/4ocGRmTHvOs8PSE6pB3dWOrD/nueuU5sduBsQ4w==

react-redux@^7.2.8:
  version "7.2.8"
  resolved "https://registry.yarnpkg.com/react-redux/-/react-redux-7.2.8.tgz#a894068315e65de5b1b68899f9c6ee0923dd28de"
  integrity sha512-6+uDjhs3PSIclqoCk0kd6iX74gzrGc3W5zcAjbrFgEdIjRSQObdIwfx80unTkVUYvbQ95Y8Av3OvFHq1w5EOUw==
  dependencies:
    "@babel/runtime" "^7.15.4"
    "@types/react-redux" "^7.1.20"
    hoist-non-react-statics "^3.3.2"
    loose-envify "^1.4.0"
    prop-types "^15.7.2"
    react-is "^17.0.2"

react-transition-group@^4.4.0:
  version "4.4.2"
  resolved "https://registry.yarnpkg.com/react-transition-group/-/react-transition-group-4.4.2.tgz#8b59a56f09ced7b55cbd53c36768b922890d5470"
  integrity sha512-/RNYfRAMlZwDSr6z4zNKV6xu53/e2BuaBbGhbyYIXTrmgu/bGHzmqOs7mJSJBHy9Ud+ApHx3QjrkKSp1pxvlFg==
  dependencies:
    "@babel/runtime" "^7.5.5"
    dom-helpers "^5.0.1"
    loose-envify "^1.4.0"
    prop-types "^15.6.2"

react@^18.0.0:
  version "18.0.0"
  resolved "https://registry.yarnpkg.com/react/-/react-18.0.0.tgz#b468736d1f4a5891f38585ba8e8fb29f91c3cb96"
  integrity sha512-x+VL6wbT4JRVPm7EGxXhZ8w8LTROaxPXOqhlGyVSrv0sB1jkyFGgXxJ8LVoPRLvPR6/CIZGFmfzqUa2NYeMr2A==
  dependencies:
    loose-envify "^1.1.0"

redux-thunk@^2.4.1:
  version "2.4.1"
  resolved "https://registry.yarnpkg.com/redux-thunk/-/redux-thunk-2.4.1.tgz#0dd8042cf47868f4b29699941de03c9301a75714"
  integrity sha512-OOYGNY5Jy2TWvTL1KgAlVy6dcx3siPJ1wTq741EPyUKfn6W6nChdICjZwCd0p8AZBs5kWpZlbkXW2nE/zjUa+Q==

redux@^4.0.0, redux@^4.1.2:
  version "4.1.2"
  resolved "https://registry.yarnpkg.com/redux/-/redux-4.1.2.tgz#140f35426d99bb4729af760afcf79eaaac407104"
  integrity sha512-SH8PglcebESbd/shgf6mii6EIoRM0zrQyjcuQ+ojmfxjTtE0z9Y8pa62iA/OJ58qjP6j27uyW4kUF4jl/jd6sw==
  dependencies:
    "@babel/runtime" "^7.9.2"

regenerator-runtime@^0.13.4:
  version "0.13.9"
  resolved "https://registry.yarnpkg.com/regenerator-runtime/-/regenerator-runtime-0.13.9.tgz#8925742a98ffd90814988d7566ad30ca3b263b52"
  integrity sha512-p3VT+cOEgxFsRRA9X4lkI1E+k2/CtnKtU4gcxyaCUreilL/vqI6CdZ3wxVUx3UOUg+gnUOQQcRI7BmSI656MYA==

reselect@^4.1.5:
  version "4.1.5"
  resolved "https://registry.yarnpkg.com/reselect/-/reselect-4.1.5.tgz#852c361247198da6756d07d9296c2b51eddb79f6"
  integrity sha512-uVdlz8J7OO+ASpBYoz1Zypgx0KasCY20H+N8JD13oUMtPvSHQuscrHop4KbXrbsBcdB9Ds7lVK7eRkBIfO43vQ==

scheduler@^0.21.0:
  version "0.21.0"
  resolved "https://registry.yarnpkg.com/scheduler/-/scheduler-0.21.0.tgz#6fd2532ff5a6d877b6edb12f00d8ab7e8f308820"
  integrity sha512-1r87x5fz9MXqswA2ERLo0EbOAU74DpIUO090gIasYTqlVoJeMcl+Z1Rg7WHz+qtPujhS/hGIt9kxZOYBV3faRQ==
  dependencies:
    loose-envify "^1.1.0"

source-map-js@^1.0.1:
  version "1.0.2"
  resolved "https://registry.yarnpkg.com/source-map-js/-/source-map-js-1.0.2.tgz#adbc361d9c62df380125e7f161f71c826f1e490c"
  integrity sha512-R0XvVJ9WusLiqTCEiGCmICCMplcCkIwwR11mOSD9CR5u+IXYdiseeEuXCVAjS54zqwkLcPNnmU4OeJ6tUrWhDw==

styled-jsx@5.0.1:
  version "5.0.1"
  resolved "https://registry.yarnpkg.com/styled-jsx/-/styled-jsx-5.0.1.tgz#78fecbbad2bf95ce6cd981a08918ce4696f5fc80"
  integrity sha512-+PIZ/6Uk40mphiQJJI1202b+/dYeTVd9ZnMPR80pgiWbjIwvN2zIp4r9et0BgqBuShh48I0gttPlAXA7WVvBxw==

tiny-warning@^1.0.2:
  version "1.0.3"
  resolved "https://registry.yarnpkg.com/tiny-warning/-/tiny-warning-1.0.3.tgz#94a30db453df4c643d0fd566060d60a875d84754"
  integrity sha512-lBN9zLN/oAf68o3zNXYrdCt1kP8WsiGW8Oo2ka41b2IM5JL/S1CTyX1rW0mb/zSuJun0ZUrDxx4sqvYS2FWzPA==

ts-node@^10.7.0:
  version "10.7.0"
  resolved "https://registry.yarnpkg.com/ts-node/-/ts-node-10.7.0.tgz#35d503d0fab3e2baa672a0e94f4b40653c2463f5"
  integrity sha512-TbIGS4xgJoX2i3do417KSaep1uRAW/Lu+WAL2doDHC0D6ummjirVOXU5/7aiZotbQ5p1Zp9tP7U6cYhA0O7M8A==
  dependencies:
    "@cspotcode/source-map-support" "0.7.0"
    "@tsconfig/node10" "^1.0.7"
    "@tsconfig/node12" "^1.0.7"
    "@tsconfig/node14" "^1.0.0"
    "@tsconfig/node16" "^1.0.2"
    acorn "^8.4.1"
    acorn-walk "^8.1.1"
    arg "^4.1.0"
    create-require "^1.1.0"
    diff "^4.0.1"
    make-error "^1.1.1"
    v8-compile-cache-lib "^3.0.0"
    yn "3.1.1"

typescript@^4.6.3:
  version "4.6.3"
  resolved "https://registry.yarnpkg.com/typescript/-/typescript-4.6.3.tgz#eefeafa6afdd31d725584c67a0eaba80f6fc6c6c"
  integrity sha512-yNIatDa5iaofVozS/uQJEl3JRWLKKGJKh6Yaiv0GLGSuhpFJe7P3SbHZ8/yjAHRQwKRoA6YZqlfjXWmVzoVSMw==

v8-compile-cache-lib@^3.0.0:
  version "3.0.0"
  resolved "https://registry.yarnpkg.com/v8-compile-cache-lib/-/v8-compile-cache-lib-3.0.0.tgz#0582bcb1c74f3a2ee46487ceecf372e46bce53e8"
  integrity sha512-mpSYqfsFvASnSn5qMiwrr4VKfumbPyONLCOPmsR3A6pTY/r0+tSaVbgPWSAIuzbk3lCTa+FForeTiO+wBQGkjA==

yn@3.1.1:
  version "3.1.1"
  resolved "https://registry.yarnpkg.com/yn/-/yn-3.1.1.tgz#1e87401a09d767c1d5eab26a6e4c185182d2eb50"
  integrity sha512-Ux4ygGWsu2c7isFWe8Yu1YluJmqVhxqK2cLXNQA5AcC3QfbGNpM7fu0Y8b/z16pXLnFxZYvWhd3fhBY9DLmC6Q==
